// !$*UTF8*$!
{
	archiveVersion = 1;
	classes = {
	};
	objectVersion = 50;
	objects = {

/* Begin PBXBuildFile section */
		E31C4579268B8A8000BAD825 /* AppDelegate.swift in Sources */ = {isa = PBXBuildFile; fileRef = E31C4578268B8A8000BAD825 /* AppDelegate.swift */; };
		E31C457B268B8A8000BAD825 /* SceneDelegate.swift in Sources */ = {isa = PBXBuildFile; fileRef = E31C457A268B8A8000BAD825 /* SceneDelegate.swift */; };
		E31C457D268B8A8000BAD825 /* ViewController.swift in Sources */ = {isa = PBXBuildFile; fileRef = E31C457C268B8A8000BAD825 /* ViewController.swift */; };
		E31C4580268B8A8000BAD825 /* Main.storyboard in Resources */ = {isa = PBXBuildFile; fileRef = E31C457E268B8A8000BAD825 /* Main.storyboard */; };
		E31C4583268B8A8000BAD825 /* github.xcdatamodeld in Sources */ = {isa = PBXBuildFile; fileRef = E31C4581268B8A8000BAD825 /* github.xcdatamodeld */; };
		E31C4585268B8A8400BAD825 /* Assets.xcassets in Resources */ = {isa = PBXBuildFile; fileRef = E31C4584268B8A8400BAD825 /* Assets.xcassets */; };
		E31C4588268B8A8400BAD825 /* LaunchScreen.storyboard in Resources */ = {isa = PBXBuildFile; fileRef = E31C4586268B8A8400BAD825 /* LaunchScreen.storyboard */; };
		E31C4590268B90C700BAD825 /* SecondTableViewController.swift in Sources */ = {isa = PBXBuildFile; fileRef = E31C458F268B90C700BAD825 /* SecondTableViewController.swift */; };
/* End PBXBuildFile section */

/* Begin PBXFileReference section */
		E31C4575268B8A8000BAD825 /* github.app */ = {isa = PBXFileReference; explicitFileType = wrapper.application; includeInIndex = 0; path = github.app; sourceTree = BUILT_PRODUCTS_DIR; };
		E31C4578268B8A8000BAD825 /* AppDelegate.swift */ = {isa = PBXFileReference; lastKnownFileType = sourcecode.swift; path = AppDelegate.swift; sourceTree = "<group>"; };
		E31C457A268B8A8000BAD825 /* SceneDelegate.swift */ = {isa = PBXFileReference; lastKnownFileType = sourcecode.swift; path = SceneDelegate.swift; sourceTree = "<group>"; };
		E31C457C268B8A8000BAD825 /* ViewController.swift */ = {isa = PBXFileReference; lastKnownFileType = sourcecode.swift; path = ViewController.swift; sourceTree = "<group>"; };
		E31C457F268B8A8000BAD825 /* Base */ = {isa = PBXFileReference; lastKnownFileType = file.storyboard; name = Base; path = Base.lproj/Main.storyboard; sourceTree = "<group>"; };
		E31C4582268B8A8000BAD825 /* github.xcdatamodel */ = {isa = PBXFileReference; lastKnownFileType = wrapper.xcdatamodel; path = github.xcdatamodel; sourceTree = "<group>"; };
		E31C4584268B8A8400BAD825 /* Assets.xcassets */ = {isa = PBXFileReference; lastKnownFileType = folder.assetcatalog; path = Assets.xcassets; sourceTree = "<group>"; };
		E31C4587268B8A8400BAD825 /* Base */ = {isa = PBXFileReference; lastKnownFileType = file.storyboard; name = Base; path = Base.lproj/LaunchScreen.storyboard; sourceTree = "<group>"; };
		E31C4589268B8A8400BAD825 /* Info.plist */ = {isa = PBXFileReference; lastKnownFileType = text.plist.xml; path = Info.plist; sourceTree = "<group>"; };
		E31C458F268B90C700BAD825 /* SecondTableViewController.swift */ = {isa = PBXFileReference; lastKnownFileType = sourcecode.swift; path = SecondTableViewController.swift; sourceTree = "<group>"; };
/* End PBXFileReference section */

/* Begin PBXFrameworksBuildPhase section */
		E31C4572268B8A8000BAD825 /* Frameworks */ = {
			isa = PBXFrameworksBuildPhase;
			buildActionMask = 2147483647;
			files = (
			);
			runOnlyForDeploymentPostprocessing = 0;
		};
/* End PBXFrameworksBuildPhase section */

/* Begin PBXGroup section */
		E31C456C268B8A8000BAD825 = {
			isa = PBXGroup;
			children = (
				E31C4577268B8A8000BAD825 /* github */,
				E31C4576268B8A8000BAD825 /* Products */,
			);
			sourceTree = "<group>";
		};
		E31C4576268B8A8000BAD825 /* Products */ = {
			isa = PBXGroup;
			children = (
				E31C4575268B8A8000BAD825 /* github.app */,
			);
			name = Products;
			sourceTree = "<group>";
		};
		E31C4577268B8A8000BAD825 /* github */ = {
			isa = PBXGroup;
			children = (
				E31C4578268B8A8000BAD825 /* AppDelegate.swift */,
				E31C457A268B8A8000BAD825 /* SceneDelegate.swift */,
				E31C457C268B8A8000BAD825 /* ViewController.swift */,
				E31C457E268B8A8000BAD825 /* Main.storyboard */,
				E31C4584268B8A8400BAD825 /* Assets.xcassets */,
				E31C458F268B90C700BAD825 /* SecondTableViewController.swift */,
				E31C4586268B8A8400BAD825 /* LaunchScreen.storyboard */,
				E31C4589268B8A8400BAD825 /* Info.plist */,
				E31C4581268B8A8000BAD825 /* github.xcdatamodeld */,
			);
			path = github;
			sourceTree = "<group>";
		};
/* End PBXGroup section */

/* Begin PBXNativeTarget section */
		E31C4574268B8A8000BAD825 /* github */ = {
			isa = PBXNativeTarget;
			buildConfigurationList = E31C458C268B8A8400BAD825 /* Build configuration list for PBXNativeTarget "github" */;
			buildPhases = (
				E31C4571268B8A8000BAD825 /* Sources */,
				E31C4572268B8A8000BAD825 /* Frameworks */,
				E31C4573268B8A8000BAD825 /* Resources */,
			);
			buildRules = (
			);
			dependencies = (
			);
			name = github;
			productName = github;
			productReference = E31C4575268B8A8000BAD825 /* github.app */;
			productType = "com.apple.product-type.application";
		};
/* End PBXNativeTarget section */

/* Begin PBXProject section */
		E31C456D268B8A8000BAD825 /* Project object */ = {
			isa = PBXProject;
			attributes = {
				LastSwiftUpdateCheck = 1250;
				LastUpgradeCheck = 1250;
				TargetAttributes = {
					E31C4574268B8A8000BAD825 = {
						CreatedOnToolsVersion = 12.5.1;
					};
				};
			};
			buildConfigurationList = E31C4570268B8A8000BAD825 /* Build configuration list for PBXProject "github" */;
			compatibilityVersion = "Xcode 9.3";
			developmentRegion = en;
			hasScannedForEncodings = 0;
			knownRegions = (
				en,
				Base,
			);
			mainGroup = E31C456C268B8A8000BAD825;
			productRefGroup = E31C4576268B8A8000BAD825 /* Products */;
			projectDirPath = "";
			projectRoot = "";
			targets = (
				E31C4574268B8A8000BAD825 /* github */,
			);
		};
/* End PBXProject section */

/* Begin PBXResourcesBuildPhase section */
		E31C4573268B8A8000BAD825 /* Resources */ = {
			isa = PBXResourcesBuildPhase;
			buildActionMask = 2147483647;
			files = (
				E31C4588268B8A8400BAD825 /* LaunchScreen.storyboard in Resources */,
				E31C4585268B8A8400BAD825 /* Assets.xcassets in Resources */,
				E31C4580268B8A8000BAD825 /* Main.storyboard in Resources */,
			);
			runOnlyForDeploymentPostprocessing = 0;
		};
/* End PBXResourcesBuildPhase section */

/* Begin PBXSourcesBuildPhase section */
		E31C4571268B8A8000BAD825 /* Sources */ = {
			isa = PBXSourcesBuildPhase;
			buildActionMask = 2147483647;
			files = (
				E31C457D268B8A8000BAD825 /* ViewController.swift in Sources */,
				E31C4579268B8A8000BAD825 /* AppDelegate.swift in Sources */,
				E31C4590268B90C700BAD825 /* SecondTableViewController.swift in Sources */,
				E31C4583268B8A8000BAD825 /* github.xcdatamodeld in Sources */,
				E31C457B268B8A8000BAD825 /* SceneDelegate.swift in Sources */,
			);
			runOnlyForDeploymentPostprocessing = 0;
		};
/* End PBXSourcesBuildPhase section */

/* Begin PBXVariantGroup section */
		E31C457E268B8A8000BAD825 /* Main.storyboard */ = {
			isa = PBXVariantGroup;
			children = (
				E31C457F268B8A8000BAD825 /* Base */,
			);
			name = Main.storyboard;
			sourceTree = "<group>";
		};
		E31C4586268B8A8400BAD825 /* LaunchScreen.storyboard */ = {
			isa = PBXVariantGroup;
			children = (
				E31C4587268B8A8400BAD825 /* Base */,
			);
			name = LaunchScreen.storyboard;
			sourceTree = "<group>";
		};
/* End PBXVariantGroup section */

/* Begin XCBuildConfiguration section */
		E31C458A268B8A8400BAD825 /* Debug */ = {
			isa = XCBuildConfiguration;
			buildSettings = {
				ALWAYS_SEARCH_USER_PATHS = NO;
				CLANG_ANALYZER_NONNULL = YES;
				CLANG_ANALYZER_NUMBER_OBJECT_CONVERSION = YES_AGGRESSIVE;
				CLANG_CXX_LANGUAGE_STANDARD = "gnu++14";
				CLANG_CXX_LIBRARY = "libc++";
				CLANG_ENABLE_MODULES = YES;
				CLANG_ENABLE_OBJC_ARC = YES;
				CLANG_ENABLE_OBJC_WEAK = YES;
				CLANG_WARN_BLOCK_CAPTURE_AUTORELEASING = YES;
				CLANG_WARN_BOOL_CONVERSION = YES;
				CLANG_WARN_COMMA = YES;
				CLANG_WARN_CONSTANT_CONVERSION = YES;
				CLANG_WARN_DEPRECATED_OBJC_IMPLEMENTATIONS = YES;
				CLANG_WARN_DIRECT_OBJC_ISA_USAGE = YES_ERROR;
				CLANG_WARN_DOCUMENTATION_COMMENTS = YES;
				CLANG_WARN_EMPTY_BODY = YES;
				CLANG_WARN_ENUM_CONVERSION = YES;
				CLANG_WARN_INFINITE_RECURSION = YES;
				CLANG_WARN_INT_CONVERSION = YES;
				CLANG_WARN_NON_LITERAL_NULL_CONVERSION = YES;
				CLANG_WARN_OBJC_IMPLICIT_RETAIN_SELF = YES;
				CLANG_WARN_OBJC_LITERAL_CONVERSION = YES;
				CLANG_WARN_OBJC_ROOT_CLASS = YES_ERROR;
				CLANG_WARN_QUOTED_INCLUDE_IN_FRAMEWORK_HEADER = YES;
				CLANG_WARN_RANGE_LOOP_ANALYSIS = YES;
				CLANG_WARN_STRICT_PROTOTYPES = YES;
				CLANG_WARN_SUSPICIOUS_MOVE = YES;
				CLANG_WARN_UNGUARDED_AVAILABILITY = YES_AGGRESSIVE;
				CLANG_WARN_UNREACHABLE_CODE = YES;
				CLANG_WARN__DUPLICATE_METHOD_MATCH = YES;
				COPY_PHASE_STRIP = NO;
				DEBUG_INFORMATION_FORMAT = dwarf;
				ENABLE_STRICT_OBJC_MSGSEND = YES;
				ENABLE_TESTABILITY = YES;
				GCC_C_LANGUAGE_STANDARD = gnu11;
				GCC_DYNAMIC_NO_PIC = NO;
				GCC_NO_COMMON_BLOCKS = YES;
				GCC_OPTIMIZATION_LEVEL = 0;
				GCC_PREPROCESSOR_DEFINITIONS = (
					"DEBUG=1",
					"$(inherited)",
				);
				GCC_WARN_64_TO_32_BIT_CONVERSION = YES;
				GCC_WARN_ABOUT_RETURN_TYPE = YES_ERROR;
				GCC_WARN_UNDECLARED_SELECTOR = YES;
				GCC_WARN_UNINITIALIZED_AUTOS = YES_AGGRESSIVE;
				GCC_WARN_UNUSED_FUNCTION = YES;
				GCC_WARN_UNUSED_VARIABLE = YES;
				IPHONEOS_DEPLOYMENT_TARGET = 14.5;
				MTL_ENABLE_DEBUG_INFO = INCLUDE_SOURCE;
				MTL_FAST_MATH = YES;
				ONLY_ACTIVE_ARCH = YES;
				SDKROOT = iphoneos;
				SWIFT_ACTIVE_COMPILATION_CONDITIONS = DEBUG;
				SWIFT_OPTIMIZATION_LEVEL = "-Onone";
			};
			name = Debug;
		};
		E31C458B268B8A8400BAD825 /* Release */ = {
			isa = XCBuildConfiguration;
			buildSettings = {
				ALWAYS_SEARCH_USER_PATHS = NO;
				CLANG_ANALYZER_NONNULL = YES;
				CLANG_ANALYZER_NUMBER_OBJECT_CONVERSION = YES_AGGRESSIVE;
				CLANG_CXX_LANGUAGE_STANDARD = "gnu++14";
				CLANG_CXX_LIBRARY = "libc++";
				CLANG_ENABLE_MODULES = YES;
				CLANG_ENABLE_OBJC_ARC = YES;
				CLANG_ENABLE_OBJC_WEAK = YES;
				CLANG_WARN_BLOCK_CAPTURE_AUTORELEASING = YES;
				CLANG_WARN_BOOL_CONVERSION = YES;
				CLANG_WARN_COMMA = YES;
				CLANG_WARN_CONSTANT_CONVERSION = YES;
				CLANG_WARN_DEPRECATED_OBJC_IMPLEMENTATIONS = YES;
				CLANG_WARN_DIRECT_OBJC_ISA_USAGE = YES_ERROR;
				CLANG_WARN_DOCUMENTATION_COMMENTS = YES;
				CLANG_WARN_EMPTY_BODY = YES;
				CLANG_WARN_ENUM_CONVERSION = YES;
				CLANG_WARN_INFINITE_RECURSION = YES;
				CLANG_WARN_INT_CONVERSION = YES;
				CLANG_WARN_NON_LITERAL_NULL_CONVERSION = YES;
				CLANG_WARN_OBJC_IMPLICIT_RETAIN_SELF = YES;
				CLANG_WARN_OBJC_LITERAL_CONVERSION = YES;
				CLANG_WARN_OBJC_ROOT_CLASS = YES_ERROR;
				CLANG_WARN_QUOTED_INCLUDE_IN_FRAMEWORK_HEADER = YES;
				CLANG_WARN_RANGE_LOOP_ANALYSIS = YES;
				CLANG_WARN_STRICT_PROTOTYPES = YES;
				CLANG_WARN_SUSPICIOUS_MOVE = YES;
				CLANG_WARN_UNGUARDED_AVAILABILITY = YES_AGGRESSIVE;
				CLANG_WARN_UNREACHABLE_CODE = YES;
				CLANG_WARN__DUPLICATE_METHOD_MATCH = YES;
				COPY_PHASE_STRIP = NO;
				DEBUG_INFORMATION_FORMAT = "dwarf-with-dsym";
				ENABLE_NS_ASSERTIONS = NO;
				ENABLE_STRICT_OBJC_MSGSEND = YES;
				GCC_C_LANGUAGE_STANDARD = gnu11;
				GCC_NO_COMMON_BLOCKS = YES;
				GCC_WARN_64_TO_32_BIT_CONVERSION = YES;
				GCC_WARN_ABOUT_RETURN_TYPE = YES_ERROR;
				GCC_WARN_UNDECLARED_SELECTOR = YES;
				GCC_WARN_UNINITIALIZED_AUTOS = YES_AGGRESSIVE;
				GCC_WARN_UNUSED_FUNCTION = YES;
				GCC_WARN_UNUSED_VARIABLE = YES;
				IPHONEOS_DEPLOYMENT_TARGET = 14.5;
				MTL_ENABLE_DEBUG_INFO = NO;
				MTL_FAST_MATH = YES;
				SDKROOT = iphoneos;
				SWIFT_COMPILATION_MODE = wholemodule;
				SWIFT_OPTIMIZATION_LEVEL = "-O";
				VALIDATE_PRODUCT = YES;
			};
			name = Release;
		};
		E31C458D268B8A8400BAD825 /* Debug */ = {
			isa = XCBuildConfiguration;
			buildSettings = {
				ASSETCATALOG_COMPILER_APPICON_NAME = AppIcon;
				ASSETCATALOG_COMPILER_GLOBAL_ACCENT_COLOR_NAME = AccentColor;
				CODE_SIGN_STYLE = Automatic;
				INFOPLIST_FILE = github/Info.plist;
				LD_RUNPATH_SEARCH_PATHS = (
					"$(inherited)",
					"@executable_path/Frameworks",
				);
				PRODUCT_BUNDLE_IDENTIFIER = KWK.github;
				PRODUCT_NAME = "$(TARGET_NAME)";
				SWIFT_VERSION = 5.0;
				TARGETED_DEVICE_FAMILY = "1,2";
			};
			name = Debug;
		};
		E31C458E268B8A8400BAD825 /* Release */ = {
			isa = XCBuildConfiguration;
			buildSettings = {
				ASSETCATALOG_COMPILER_APPICON_NAME = AppIcon;
				ASSETCATALOG_COMPILER_GLOBAL_ACCENT_COLOR_NAME = AccentColor;
				CODE_SIGN_STYLE = Automatic;
				INFOPLIST_FILE = github/Info.plist;
				LD_RUNPATH_SEARCH_PATHS = (
					"$(inherited)",
					"@executable_path/Frameworks",
				);
				PRODUCT_BUNDLE_IDENTIFIER = KWK.github;
				PRODUCT_NAME = "$(TARGET_NAME)";
				SWIFT_VERSION = 5.0;
				TARGETED_DEVICE_FAMILY = "1,2";
			};
			name = Release;
		};
/* End XCBuildConfiguration section */

/* Begin XCConfigurationList section */
		E31C4570268B8A8000BAD825 /* Build configuration list for PBXProject "github" */ = {
			isa = XCConfigurationList;
			buildConfigurations = (
				E31C458A268B8A8400BAD825 /* Debug */,
				E31C458B268B8A8400BAD825 /* Release */,
			);
			defaultConfigurationIsVisible = 0;
			defaultConfigurationName = Release;
		};
		E31C458C268B8A8400BAD825 /* Build configuration list for PBXNativeTarget "github" */ = {
			isa = XCConfigurationList;
			buildConfigurations = (
				E31C458D268B8A8400BAD825 /* Debug */,
				E31C458E268B8A8400BAD825 /* Release */,
			);
			defaultConfigurationIsVisible = 0;
			defaultConfigurationName = Release;
		};
/* End XCConfigurationList section */

/* Begin XCVersionGroup section */
		E31C4581268B8A8000BAD825 /* github.xcdatamodeld */ = {
			isa = XCVersionGroup;
			children = (
				E31C4582268B8A8000BAD825 /* github.xcdatamodel */,
			);
			currentVersion = E31C4582268B8A8000BAD825 /* github.xcdatamodel */;
			path = github.xcdatamodeld;
			sourceTree = "<group>";
			versionGroupType = wrapper.xcdatamodel;
		};
/* End XCVersionGroup section */
	};
	rootObject = E31C456D268B8A8000BAD825 /* Project object */;
}
